// !$*UTF8*$!
{
	archiveVersion = 1;
	classes = {
	};
	objectVersion = 56;
	objects = {

/* Begin PBXBuildFile section */
		7D621A072BF6858400264977 /* PersistenceControllerTests.swift in Sources */ = {isa = PBXBuildFile; fileRef = 7D621A062BF6858400264977 /* PersistenceControllerTests.swift */; };
		7D7C03232BC4873A003ABF54 /* CRUD_TemplateApp.swift in Sources */ = {isa = PBXBuildFile; fileRef = 7D7C03222BC4873A003ABF54 /* CRUD_TemplateApp.swift */; };
		7D7C03272BC4873C003ABF54 /* Assets.xcassets in Resources */ = {isa = PBXBuildFile; fileRef = 7D7C03262BC4873C003ABF54 /* Assets.xcassets */; };
		7D7C032A2BC4873C003ABF54 /* Preview Assets.xcassets in Resources */ = {isa = PBXBuildFile; fileRef = 7D7C03292BC4873C003ABF54 /* Preview Assets.xcassets */; };
		7D7C032C2BC4873C003ABF54 /* Persistence.swift in Sources */ = {isa = PBXBuildFile; fileRef = 7D7C032B2BC4873C003ABF54 /* Persistence.swift */; };
		7D7C032F2BC4873C003ABF54 /* CRUD_Template.xcdatamodeld in Sources */ = {isa = PBXBuildFile; fileRef = 7D7C032D2BC4873C003ABF54 /* CRUD_Template.xcdatamodeld */; };
		7D7C03392BC4873C003ABF54 /* CRUD_TemplateTests.swift in Sources */ = {isa = PBXBuildFile; fileRef = 7D7C03382BC4873C003ABF54 /* CRUD_TemplateTests.swift */; };
		7D7C03432BC4873C003ABF54 /* CRUD_TemplateUITests.swift in Sources */ = {isa = PBXBuildFile; fileRef = 7D7C03422BC4873C003ABF54 /* CRUD_TemplateUITests.swift */; };
		7D7C03452BC4873C003ABF54 /* CRUD_TemplateUITestsLaunchTests.swift in Sources */ = {isa = PBXBuildFile; fileRef = 7D7C03442BC4873C003ABF54 /* CRUD_TemplateUITestsLaunchTests.swift */; };
		7D7C03522BC4A0B9003ABF54 /* DetailView.swift in Sources */ = {isa = PBXBuildFile; fileRef = 7D7C03512BC4A0B9003ABF54 /* DetailView.swift */; };
		7D7C03542BC4A0CD003ABF54 /* ListView.swift in Sources */ = {isa = PBXBuildFile; fileRef = 7D7C03532BC4A0CD003ABF54 /* ListView.swift */; };
		7D7C03562BC4A0E1003ABF54 /* RootView.swift in Sources */ = {isa = PBXBuildFile; fileRef = 7D7C03552BC4A0E1003ABF54 /* RootView.swift */; };
		7D7C035B2BC4AB99003ABF54 /* Item+CoreDataClass.swift in Sources */ = {isa = PBXBuildFile; fileRef = 7D7C03592BC4AB99003ABF54 /* Item+CoreDataClass.swift */; };
		7D7C035F2BC4AD64003ABF54 /* Item+Factory.swift in Sources */ = {isa = PBXBuildFile; fileRef = 7D7C035E2BC4AD64003ABF54 /* Item+Factory.swift */; };
		7D7C03642BC59ED4003ABF54 /* ItemViewModel.swift in Sources */ = {isa = PBXBuildFile; fileRef = 7D7C03632BC59ED4003ABF54 /* ItemViewModel.swift */; };
		7D7C03672BC5A4E8003ABF54 /* DetailCard.swift in Sources */ = {isa = PBXBuildFile; fileRef = 7D7C03662BC5A4E8003ABF54 /* DetailCard.swift */; };
		7D7C03692BC5AE42003ABF54 /* EditingDetailCard.swift in Sources */ = {isa = PBXBuildFile; fileRef = 7D7C03682BC5AE42003ABF54 /* EditingDetailCard.swift */; };
		7D7C036D2BC5C252003ABF54 /* AddItemModalView.swift in Sources */ = {isa = PBXBuildFile; fileRef = 7D7C036C2BC5C252003ABF54 /* AddItemModalView.swift */; };
		7D7C036F2BC5CEC5003ABF54 /* ListRow.swift in Sources */ = {isa = PBXBuildFile; fileRef = 7D7C036E2BC5CEC5003ABF54 /* ListRow.swift */; };
		7D7C03712BC5D89A003ABF54 /* ItemViewModelTests.swift in Sources */ = {isa = PBXBuildFile; fileRef = 7D7C03702BC5D89A003ABF54 /* ItemViewModelTests.swift */; };
		7D7C03732BC5DA44003ABF54 /* AppTheme.swift in Sources */ = {isa = PBXBuildFile; fileRef = 7D7C03722BC5DA44003ABF54 /* AppTheme.swift */; };
/* End PBXBuildFile section */

/* Begin PBXContainerItemProxy section */
		7D7C03352BC4873C003ABF54 /* PBXContainerItemProxy */ = {
			isa = PBXContainerItemProxy;
			containerPortal = 7D7C03172BC4873A003ABF54 /* Project object */;
			proxyType = 1;
			remoteGlobalIDString = 7D7C031E2BC4873A003ABF54;
			remoteInfo = "CRUD Template";
		};
		7D7C033F2BC4873C003ABF54 /* PBXContainerItemProxy */ = {
			isa = PBXContainerItemProxy;
			containerPortal = 7D7C03172BC4873A003ABF54 /* Project object */;
			proxyType = 1;
			remoteGlobalIDString = 7D7C031E2BC4873A003ABF54;
			remoteInfo = "CRUD Template";
		};
/* End PBXContainerItemProxy section */

/* Begin PBXFileReference section */
		7D621A062BF6858400264977 /* PersistenceControllerTests.swift */ = {isa = PBXFileReference; lastKnownFileType = sourcecode.swift; path = PersistenceControllerTests.swift; sourceTree = "<group>"; };
		7D7C031F2BC4873A003ABF54 /* CRUD Template.app */ = {isa = PBXFileReference; explicitFileType = wrapper.application; includeInIndex = 0; path = "CRUD Template.app"; sourceTree = BUILT_PRODUCTS_DIR; };
		7D7C03222BC4873A003ABF54 /* CRUD_TemplateApp.swift */ = {isa = PBXFileReference; lastKnownFileType = sourcecode.swift; path = CRUD_TemplateApp.swift; sourceTree = "<group>"; };
		7D7C03262BC4873C003ABF54 /* Assets.xcassets */ = {isa = PBXFileReference; lastKnownFileType = folder.assetcatalog; path = Assets.xcassets; sourceTree = "<group>"; };
		7D7C03292BC4873C003ABF54 /* Preview Assets.xcassets */ = {isa = PBXFileReference; lastKnownFileType = folder.assetcatalog; path = "Preview Assets.xcassets"; sourceTree = "<group>"; };
		7D7C032B2BC4873C003ABF54 /* Persistence.swift */ = {isa = PBXFileReference; lastKnownFileType = sourcecode.swift; path = Persistence.swift; sourceTree = "<group>"; };
		7D7C032E2BC4873C003ABF54 /* CRUD_Template.xcdatamodel */ = {isa = PBXFileReference; lastKnownFileType = wrapper.xcdatamodel; path = CRUD_Template.xcdatamodel; sourceTree = "<group>"; };
		7D7C03342BC4873C003ABF54 /* CRUD TemplateTests.xctest */ = {isa = PBXFileReference; explicitFileType = wrapper.cfbundle; includeInIndex = 0; path = "CRUD TemplateTests.xctest"; sourceTree = BUILT_PRODUCTS_DIR; };
		7D7C03382BC4873C003ABF54 /* CRUD_TemplateTests.swift */ = {isa = PBXFileReference; lastKnownFileType = sourcecode.swift; path = CRUD_TemplateTests.swift; sourceTree = "<group>"; };
		7D7C033E2BC4873C003ABF54 /* CRUD TemplateUITests.xctest */ = {isa = PBXFileReference; explicitFileType = wrapper.cfbundle; includeInIndex = 0; path = "CRUD TemplateUITests.xctest"; sourceTree = BUILT_PRODUCTS_DIR; };
		7D7C03422BC4873C003ABF54 /* CRUD_TemplateUITests.swift */ = {isa = PBXFileReference; lastKnownFileType = sourcecode.swift; path = CRUD_TemplateUITests.swift; sourceTree = "<group>"; };
		7D7C03442BC4873C003ABF54 /* CRUD_TemplateUITestsLaunchTests.swift */ = {isa = PBXFileReference; lastKnownFileType = sourcecode.swift; path = CRUD_TemplateUITestsLaunchTests.swift; sourceTree = "<group>"; };
		7D7C03512BC4A0B9003ABF54 /* DetailView.swift */ = {isa = PBXFileReference; lastKnownFileType = sourcecode.swift; path = DetailView.swift; sourceTree = "<group>"; };
		7D7C03532BC4A0CD003ABF54 /* ListView.swift */ = {isa = PBXFileReference; lastKnownFileType = sourcecode.swift; path = ListView.swift; sourceTree = "<group>"; };
		7D7C03552BC4A0E1003ABF54 /* RootView.swift */ = {isa = PBXFileReference; lastKnownFileType = sourcecode.swift; path = RootView.swift; sourceTree = "<group>"; };
		7D7C03592BC4AB99003ABF54 /* Item+CoreDataClass.swift */ = {isa = PBXFileReference; lastKnownFileType = sourcecode.swift; path = "Item+CoreDataClass.swift"; sourceTree = "<group>"; };
		7D7C035E2BC4AD64003ABF54 /* Item+Factory.swift */ = {isa = PBXFileReference; lastKnownFileType = sourcecode.swift; path = "Item+Factory.swift"; sourceTree = "<group>"; };
		7D7C03632BC59ED4003ABF54 /* ItemViewModel.swift */ = {isa = PBXFileReference; lastKnownFileType = sourcecode.swift; path = ItemViewModel.swift; sourceTree = "<group>"; };
		7D7C03662BC5A4E8003ABF54 /* DetailCard.swift */ = {isa = PBXFileReference; lastKnownFileType = sourcecode.swift; path = DetailCard.swift; sourceTree = "<group>"; };
		7D7C03682BC5AE42003ABF54 /* EditingDetailCard.swift */ = {isa = PBXFileReference; lastKnownFileType = sourcecode.swift; path = EditingDetailCard.swift; sourceTree = "<group>"; };
		7D7C036C2BC5C252003ABF54 /* AddItemModalView.swift */ = {isa = PBXFileReference; lastKnownFileType = sourcecode.swift; path = AddItemModalView.swift; sourceTree = "<group>"; };
		7D7C036E2BC5CEC5003ABF54 /* ListRow.swift */ = {isa = PBXFileReference; lastKnownFileType = sourcecode.swift; path = ListRow.swift; sourceTree = "<group>"; };
		7D7C03702BC5D89A003ABF54 /* ItemViewModelTests.swift */ = {isa = PBXFileReference; lastKnownFileType = sourcecode.swift; path = ItemViewModelTests.swift; sourceTree = "<group>"; };
		7D7C03722BC5DA44003ABF54 /* AppTheme.swift */ = {isa = PBXFileReference; lastKnownFileType = sourcecode.swift; path = AppTheme.swift; sourceTree = "<group>"; };
/* End PBXFileReference section */

/* Begin PBXFrameworksBuildPhase section */
		7D7C031C2BC4873A003ABF54 /* Frameworks */ = {
			isa = PBXFrameworksBuildPhase;
			buildActionMask = 2147483647;
			files = (
			);
			runOnlyForDeploymentPostprocessing = 0;
		};
		7D7C03312BC4873C003ABF54 /* Frameworks */ = {
			isa = PBXFrameworksBuildPhase;
			buildActionMask = 2147483647;
			files = (
			);
			runOnlyForDeploymentPostprocessing = 0;
		};
		7D7C033B2BC4873C003ABF54 /* Frameworks */ = {
			isa = PBXFrameworksBuildPhase;
			buildActionMask = 2147483647;
			files = (
			);
			runOnlyForDeploymentPostprocessing = 0;
		};
/* End PBXFrameworksBuildPhase section */

/* Begin PBXGroup section */
		7D7C03162BC4873A003ABF54 = {
			isa = PBXGroup;
			children = (
				7D7C03212BC4873A003ABF54 /* CRUD Template */,
				7D7C03372BC4873C003ABF54 /* CRUD TemplateTests */,
				7D7C03412BC4873C003ABF54 /* CRUD TemplateUITests */,
				7D7C03202BC4873A003ABF54 /* Products */,
			);
			sourceTree = "<group>";
		};
		7D7C03202BC4873A003ABF54 /* Products */ = {
			isa = PBXGroup;
			children = (
				7D7C031F2BC4873A003ABF54 /* CRUD Template.app */,
				7D7C03342BC4873C003ABF54 /* CRUD TemplateTests.xctest */,
				7D7C033E2BC4873C003ABF54 /* CRUD TemplateUITests.xctest */,
			);
			name = Products;
			sourceTree = "<group>";
		};
		7D7C03212BC4873A003ABF54 /* CRUD Template */ = {
			isa = PBXGroup;
			children = (
				7D7C03222BC4873A003ABF54 /* CRUD_TemplateApp.swift */,
				7D7C036B2BC5C1A6003ABF54 /* Storage */,
				7D7C036A2BC5C196003ABF54 /* Views */,
				7D7C03652BC5A4CC003ABF54 /* Components */,
				7D7C03622BC59EB2003ABF54 /* ViewModels */,
				7D7C035D2BC4ABB7003ABF54 /* DataModels */,
				7D7C03722BC5DA44003ABF54 /* AppTheme.swift */,
				7D7C03262BC4873C003ABF54 /* Assets.xcassets */,
				7D7C03282BC4873C003ABF54 /* Preview Content */,
			);
			path = "CRUD Template";
			sourceTree = "<group>";
		};
		7D7C03282BC4873C003ABF54 /* Preview Content */ = {
			isa = PBXGroup;
			children = (
				7D7C03292BC4873C003ABF54 /* Preview Assets.xcassets */,
			);
			path = "Preview Content";
			sourceTree = "<group>";
		};
		7D7C03372BC4873C003ABF54 /* CRUD TemplateTests */ = {
			isa = PBXGroup;
			children = (
				7D7C03382BC4873C003ABF54 /* CRUD_TemplateTests.swift */,
				7D7C03702BC5D89A003ABF54 /* ItemViewModelTests.swift */,
				7D621A062BF6858400264977 /* PersistenceControllerTests.swift */,
			);
			path = "CRUD TemplateTests";
			sourceTree = "<group>";
		};
		7D7C03412BC4873C003ABF54 /* CRUD TemplateUITests */ = {
			isa = PBXGroup;
			children = (
				7D7C03422BC4873C003ABF54 /* CRUD_TemplateUITests.swift */,
				7D7C03442BC4873C003ABF54 /* CRUD_TemplateUITestsLaunchTests.swift */,
			);
			path = "CRUD TemplateUITests";
			sourceTree = "<group>";
		};
		7D7C035D2BC4ABB7003ABF54 /* DataModels */ = {
			isa = PBXGroup;
			children = (
				7D7C03592BC4AB99003ABF54 /* Item+CoreDataClass.swift */,
				7D7C035E2BC4AD64003ABF54 /* Item+Factory.swift */,
			);
			path = DataModels;
			sourceTree = "<group>";
		};
		7D7C03622BC59EB2003ABF54 /* ViewModels */ = {
			isa = PBXGroup;
			children = (
				7D7C03632BC59ED4003ABF54 /* ItemViewModel.swift */,
			);
			path = ViewModels;
			sourceTree = "<group>";
		};
		7D7C03652BC5A4CC003ABF54 /* Components */ = {
			isa = PBXGroup;
			children = (
				7D7C03662BC5A4E8003ABF54 /* DetailCard.swift */,
				7D7C03682BC5AE42003ABF54 /* EditingDetailCard.swift */,
				7D7C036E2BC5CEC5003ABF54 /* ListRow.swift */,
			);
			path = Components;
			sourceTree = "<group>";
		};
		7D7C036A2BC5C196003ABF54 /* Views */ = {
			isa = PBXGroup;
			children = (
				7D7C03552BC4A0E1003ABF54 /* RootView.swift */,
				7D7C03532BC4A0CD003ABF54 /* ListView.swift */,
				7D7C03512BC4A0B9003ABF54 /* DetailView.swift */,
				7D7C036C2BC5C252003ABF54 /* AddItemModalView.swift */,
			);
			path = Views;
			sourceTree = "<group>";
		};
		7D7C036B2BC5C1A6003ABF54 /* Storage */ = {
			isa = PBXGroup;
			children = (
				7D7C032B2BC4873C003ABF54 /* Persistence.swift */,
				7D7C032D2BC4873C003ABF54 /* CRUD_Template.xcdatamodeld */,
			);
			path = Storage;
			sourceTree = "<group>";
		};
/* End PBXGroup section */

/* Begin PBXNativeTarget section */
		7D7C031E2BC4873A003ABF54 /* CRUD Template */ = {
			isa = PBXNativeTarget;
			buildConfigurationList = 7D7C03482BC4873C003ABF54 /* Build configuration list for PBXNativeTarget "CRUD Template" */;
			buildPhases = (
				7D7C031B2BC4873A003ABF54 /* Sources */,
				7D7C031C2BC4873A003ABF54 /* Frameworks */,
				7D7C031D2BC4873A003ABF54 /* Resources */,
			);
			buildRules = (
			);
			dependencies = (
			);
			name = "CRUD Template";
			productName = "CRUD Template";
			productReference = 7D7C031F2BC4873A003ABF54 /* CRUD Template.app */;
			productType = "com.apple.product-type.application";
		};
		7D7C03332BC4873C003ABF54 /* CRUD TemplateTests */ = {
			isa = PBXNativeTarget;
			buildConfigurationList = 7D7C034B2BC4873C003ABF54 /* Build configuration list for PBXNativeTarget "CRUD TemplateTests" */;
			buildPhases = (
				7D7C03302BC4873C003ABF54 /* Sources */,
				7D7C03312BC4873C003ABF54 /* Frameworks */,
				7D7C03322BC4873C003ABF54 /* Resources */,
			);
			buildRules = (
			);
			dependencies = (
				7D7C03362BC4873C003ABF54 /* PBXTargetDependency */,
			);
			name = "CRUD TemplateTests";
			productName = "CRUD TemplateTests";
			productReference = 7D7C03342BC4873C003ABF54 /* CRUD TemplateTests.xctest */;
			productType = "com.apple.product-type.bundle.unit-test";
		};
		7D7C033D2BC4873C003ABF54 /* CRUD TemplateUITests */ = {
			isa = PBXNativeTarget;
			buildConfigurationList = 7D7C034E2BC4873C003ABF54 /* Build configuration list for PBXNativeTarget "CRUD TemplateUITests" */;
			buildPhases = (
				7D7C033A2BC4873C003ABF54 /* Sources */,
				7D7C033B2BC4873C003ABF54 /* Frameworks */,
				7D7C033C2BC4873C003ABF54 /* Resources */,
			);
			buildRules = (
			);
			dependencies = (
				7D7C03402BC4873C003ABF54 /* PBXTargetDependency */,
			);
			name = "CRUD TemplateUITests";
			productName = "CRUD TemplateUITests";
			productReference = 7D7C033E2BC4873C003ABF54 /* CRUD TemplateUITests.xctest */;
			productType = "com.apple.product-type.bundle.ui-testing";
		};
/* End PBXNativeTarget section */

/* Begin PBXProject section */
		7D7C03172BC4873A003ABF54 /* Project object */ = {
			isa = PBXProject;
			attributes = {
				BuildIndependentTargetsInParallel = 1;
				LastSwiftUpdateCheck = 1530;
				LastUpgradeCheck = 1530;
				TargetAttributes = {
					7D7C031E2BC4873A003ABF54 = {
						CreatedOnToolsVersion = 15.3;
					};
					7D7C03332BC4873C003ABF54 = {
						CreatedOnToolsVersion = 15.3;
						TestTargetID = 7D7C031E2BC4873A003ABF54;
					};
					7D7C033D2BC4873C003ABF54 = {
						CreatedOnToolsVersion = 15.3;
						TestTargetID = 7D7C031E2BC4873A003ABF54;
					};
				};
			};
			buildConfigurationList = 7D7C031A2BC4873A003ABF54 /* Build configuration list for PBXProject "CRUD Template" */;
			compatibilityVersion = "Xcode 14.0";
			developmentRegion = en;
			hasScannedForEncodings = 0;
			knownRegions = (
				en,
				Base,
			);
			mainGroup = 7D7C03162BC4873A003ABF54;
			productRefGroup = 7D7C03202BC4873A003ABF54 /* Products */;
			projectDirPath = "";
			projectRoot = "";
			targets = (
				7D7C031E2BC4873A003ABF54 /* CRUD Template */,
				7D7C03332BC4873C003ABF54 /* CRUD TemplateTests */,
				7D7C033D2BC4873C003ABF54 /* CRUD TemplateUITests */,
			);
		};
/* End PBXProject section */

/* Begin PBXResourcesBuildPhase section */
		7D7C031D2BC4873A003ABF54 /* Resources */ = {
			isa = PBXResourcesBuildPhase;
			buildActionMask = 2147483647;
			files = (
				7D7C032A2BC4873C003ABF54 /* Preview Assets.xcassets in Resources */,
				7D7C03272BC4873C003ABF54 /* Assets.xcassets in Resources */,
			);
			runOnlyForDeploymentPostprocessing = 0;
		};
		7D7C03322BC4873C003ABF54 /* Resources */ = {
			isa = PBXResourcesBuildPhase;
			buildActionMask = 2147483647;
			files = (
			);
			runOnlyForDeploymentPostprocessing = 0;
		};
		7D7C033C2BC4873C003ABF54 /* Resources */ = {
			isa = PBXResourcesBuildPhase;
			buildActionMask = 2147483647;
			files = (
			);
			runOnlyForDeploymentPostprocessing = 0;
		};
/* End PBXResourcesBuildPhase section */

/* Begin PBXSourcesBuildPhase section */
		7D7C031B2BC4873A003ABF54 /* Sources */ = {
			isa = PBXSourcesBuildPhase;
			buildActionMask = 2147483647;
			files = (
				7D7C035F2BC4AD64003ABF54 /* Item+Factory.swift in Sources */,
				7D7C035B2BC4AB99003ABF54 /* Item+CoreDataClass.swift in Sources */,
				7D7C032C2BC4873C003ABF54 /* Persistence.swift in Sources */,
				7D7C03642BC59ED4003ABF54 /* ItemViewModel.swift in Sources */,
				7D7C03542BC4A0CD003ABF54 /* ListView.swift in Sources */,
				7D7C03232BC4873A003ABF54 /* CRUD_TemplateApp.swift in Sources */,
				7D7C03692BC5AE42003ABF54 /* EditingDetailCard.swift in Sources */,
				7D7C036D2BC5C252003ABF54 /* AddItemModalView.swift in Sources */,
				7D7C03732BC5DA44003ABF54 /* AppTheme.swift in Sources */,
				7D7C03562BC4A0E1003ABF54 /* RootView.swift in Sources */,
				7D7C03522BC4A0B9003ABF54 /* DetailView.swift in Sources */,
				7D7C032F2BC4873C003ABF54 /* CRUD_Template.xcdatamodeld in Sources */,
				7D7C036F2BC5CEC5003ABF54 /* ListRow.swift in Sources */,
				7D7C03672BC5A4E8003ABF54 /* DetailCard.swift in Sources */,
			);
			runOnlyForDeploymentPostprocessing = 0;
		};
		7D7C03302BC4873C003ABF54 /* Sources */ = {
			isa = PBXSourcesBuildPhase;
			buildActionMask = 2147483647;
			files = (
				7D621A072BF6858400264977 /* PersistenceControllerTests.swift in Sources */,
				7D7C03392BC4873C003ABF54 /* CRUD_TemplateTests.swift in Sources */,
				7D7C03712BC5D89A003ABF54 /* ItemViewModelTests.swift in Sources */,
			);
			runOnlyForDeploymentPostprocessing = 0;
		};
		7D7C033A2BC4873C003ABF54 /* Sources */ = {
			isa = PBXSourcesBuildPhase;
			buildActionMask = 2147483647;
			files = (
				7D7C03452BC4873C003ABF54 /* CRUD_TemplateUITestsLaunchTests.swift in Sources */,
				7D7C03432BC4873C003ABF54 /* CRUD_TemplateUITests.swift in Sources */,
			);
			runOnlyForDeploymentPostprocessing = 0;
		};
/* End PBXSourcesBuildPhase section */

/* Begin PBXTargetDependency section */
		7D7C03362BC4873C003ABF54 /* PBXTargetDependency */ = {
			isa = PBXTargetDependency;
			target = 7D7C031E2BC4873A003ABF54 /* CRUD Template */;
			targetProxy = 7D7C03352BC4873C003ABF54 /* PBXContainerItemProxy */;
		};
		7D7C03402BC4873C003ABF54 /* PBXTargetDependency */ = {
			isa = PBXTargetDependency;
			target = 7D7C031E2BC4873A003ABF54 /* CRUD Template */;
			targetProxy = 7D7C033F2BC4873C003ABF54 /* PBXContainerItemProxy */;
		};
/* End PBXTargetDependency section */

/* Begin XCBuildConfiguration section */
		7D7C03462BC4873C003ABF54 /* Debug */ = {
			isa = XCBuildConfiguration;
			buildSettings = {
				ALWAYS_SEARCH_USER_PATHS = NO;
				ASSETCATALOG_COMPILER_GENERATE_SWIFT_ASSET_SYMBOL_EXTENSIONS = YES;
				CLANG_ANALYZER_NONNULL = YES;
				CLANG_ANALYZER_NUMBER_OBJECT_CONVERSION = YES_AGGRESSIVE;
				CLANG_CXX_LANGUAGE_STANDARD = "gnu++20";
				CLANG_ENABLE_MODULES = YES;
				CLANG_ENABLE_OBJC_ARC = YES;
				CLANG_ENABLE_OBJC_WEAK = YES;
				CLANG_WARN_BLOCK_CAPTURE_AUTORELEASING = YES;
				CLANG_WARN_BOOL_CONVERSION = YES;
				CLANG_WARN_COMMA = YES;
				CLANG_WARN_CONSTANT_CONVERSION = YES;
				CLANG_WARN_DEPRECATED_OBJC_IMPLEMENTATIONS = YES;
				CLANG_WARN_DIRECT_OBJC_ISA_USAGE = YES_ERROR;
				CLANG_WARN_DOCUMENTATION_COMMENTS = YES;
				CLANG_WARN_EMPTY_BODY = YES;
				CLANG_WARN_ENUM_CONVERSION = YES;
				CLANG_WARN_INFINITE_RECURSION = YES;
				CLANG_WARN_INT_CONVERSION = YES;
				CLANG_WARN_NON_LITERAL_NULL_CONVERSION = YES;
				CLANG_WARN_OBJC_IMPLICIT_RETAIN_SELF = YES;
				CLANG_WARN_OBJC_LITERAL_CONVERSION = YES;
				CLANG_WARN_OBJC_ROOT_CLASS = YES_ERROR;
				CLANG_WARN_QUOTED_INCLUDE_IN_FRAMEWORK_HEADER = YES;
				CLANG_WARN_RANGE_LOOP_ANALYSIS = YES;
				CLANG_WARN_STRICT_PROTOTYPES = YES;
				CLANG_WARN_SUSPICIOUS_MOVE = YES;
				CLANG_WARN_UNGUARDED_AVAILABILITY = YES_AGGRESSIVE;
				CLANG_WARN_UNREACHABLE_CODE = YES;
				CLANG_WARN__DUPLICATE_METHOD_MATCH = YES;
				COPY_PHASE_STRIP = NO;
				DEBUG_INFORMATION_FORMAT = dwarf;
				ENABLE_STRICT_OBJC_MSGSEND = YES;
				ENABLE_TESTABILITY = YES;
				ENABLE_USER_SCRIPT_SANDBOXING = YES;
				GCC_C_LANGUAGE_STANDARD = gnu17;
				GCC_DYNAMIC_NO_PIC = NO;
				GCC_NO_COMMON_BLOCKS = YES;
				GCC_OPTIMIZATION_LEVEL = 0;
				GCC_PREPROCESSOR_DEFINITIONS = (
					"DEBUG=1",
					"$(inherited)",
				);
				GCC_WARN_64_TO_32_BIT_CONVERSION = YES;
				GCC_WARN_ABOUT_RETURN_TYPE = YES_ERROR;
				GCC_WARN_UNDECLARED_SELECTOR = YES;
				GCC_WARN_UNINITIALIZED_AUTOS = YES_AGGRESSIVE;
				GCC_WARN_UNUSED_FUNCTION = YES;
				GCC_WARN_UNUSED_VARIABLE = YES;
				IPHONEOS_DEPLOYMENT_TARGET = 17.4;
				LOCALIZATION_PREFERS_STRING_CATALOGS = YES;
				MTL_ENABLE_DEBUG_INFO = INCLUDE_SOURCE;
				MTL_FAST_MATH = YES;
				ONLY_ACTIVE_ARCH = YES;
				SDKROOT = iphoneos;
				SWIFT_ACTIVE_COMPILATION_CONDITIONS = "DEBUG $(inherited)";
				SWIFT_OPTIMIZATION_LEVEL = "-Onone";
			};
			name = Debug;
		};
		7D7C03472BC4873C003ABF54 /* Release */ = {
			isa = XCBuildConfiguration;
			buildSettings = {
				ALWAYS_SEARCH_USER_PATHS = NO;
				ASSETCATALOG_COMPILER_GENERATE_SWIFT_ASSET_SYMBOL_EXTENSIONS = YES;
				CLANG_ANALYZER_NONNULL = YES;
				CLANG_ANALYZER_NUMBER_OBJECT_CONVERSION = YES_AGGRESSIVE;
				CLANG_CXX_LANGUAGE_STANDARD = "gnu++20";
				CLANG_ENABLE_MODULES = YES;
				CLANG_ENABLE_OBJC_ARC = YES;
				CLANG_ENABLE_OBJC_WEAK = YES;
				CLANG_WARN_BLOCK_CAPTURE_AUTORELEASING = YES;
				CLANG_WARN_BOOL_CONVERSION = YES;
				CLANG_WARN_COMMA = YES;
				CLANG_WARN_CONSTANT_CONVERSION = YES;
				CLANG_WARN_DEPRECATED_OBJC_IMPLEMENTATIONS = YES;
				CLANG_WARN_DIRECT_OBJC_ISA_USAGE = YES_ERROR;
				CLANG_WARN_DOCUMENTATION_COMMENTS = YES;
				CLANG_WARN_EMPTY_BODY = YES;
				CLANG_WARN_ENUM_CONVERSION = YES;
				CLANG_WARN_INFINITE_RECURSION = YES;
				CLANG_WARN_INT_CONVERSION = YES;
				CLANG_WARN_NON_LITERAL_NULL_CONVERSION = YES;
				CLANG_WARN_OBJC_IMPLICIT_RETAIN_SELF = YES;
				CLANG_WARN_OBJC_LITERAL_CONVERSION = YES;
				CLANG_WARN_OBJC_ROOT_CLASS = YES_ERROR;
				CLANG_WARN_QUOTED_INCLUDE_IN_FRAMEWORK_HEADER = YES;
				CLANG_WARN_RANGE_LOOP_ANALYSIS = YES;
				CLANG_WARN_STRICT_PROTOTYPES = YES;
				CLANG_WARN_SUSPICIOUS_MOVE = YES;
				CLANG_WARN_UNGUARDED_AVAILABILITY = YES_AGGRESSIVE;
				CLANG_WARN_UNREACHABLE_CODE = YES;
				CLANG_WARN__DUPLICATE_METHOD_MATCH = YES;
				COPY_PHASE_STRIP = NO;
				DEBUG_INFORMATION_FORMAT = "dwarf-with-dsym";
				ENABLE_NS_ASSERTIONS = NO;
				ENABLE_STRICT_OBJC_MSGSEND = YES;
				ENABLE_USER_SCRIPT_SANDBOXING = YES;
				GCC_C_LANGUAGE_STANDARD = gnu17;
				GCC_NO_COMMON_BLOCKS = YES;
				GCC_WARN_64_TO_32_BIT_CONVERSION = YES;
				GCC_WARN_ABOUT_RETURN_TYPE = YES_ERROR;
				GCC_WARN_UNDECLARED_SELECTOR = YES;
				GCC_WARN_UNINITIALIZED_AUTOS = YES_AGGRESSIVE;
				GCC_WARN_UNUSED_FUNCTION = YES;
				GCC_WARN_UNUSED_VARIABLE = YES;
				IPHONEOS_DEPLOYMENT_TARGET = 17.4;
				LOCALIZATION_PREFERS_STRING_CATALOGS = YES;
				MTL_ENABLE_DEBUG_INFO = NO;
				MTL_FAST_MATH = YES;
				SDKROOT = iphoneos;
				SWIFT_COMPILATION_MODE = wholemodule;
				VALIDATE_PRODUCT = YES;
			};
			name = Release;
		};
		7D7C03492BC4873C003ABF54 /* Debug */ = {
			isa = XCBuildConfiguration;
			buildSettings = {
				ASSETCATALOG_COMPILER_APPICON_NAME = AppIcon;
				ASSETCATALOG_COMPILER_GLOBAL_ACCENT_COLOR_NAME = AccentColor;
				CODE_SIGN_STYLE = Automatic;
				CURRENT_PROJECT_VERSION = 1;
				DEVELOPMENT_ASSET_PATHS = "\"CRUD Template/Preview Content\"";
				DEVELOPMENT_TEAM = 86VBXJD37T;
				ENABLE_PREVIEWS = YES;
				GENERATE_INFOPLIST_FILE = YES;
				INFOPLIST_KEY_UIApplicationSceneManifest_Generation = YES;
				INFOPLIST_KEY_UIApplicationSupportsIndirectInputEvents = YES;
				INFOPLIST_KEY_UILaunchScreen_Generation = YES;
				INFOPLIST_KEY_UISupportedInterfaceOrientations_iPad = "UIInterfaceOrientationPortrait UIInterfaceOrientationPortraitUpsideDown UIInterfaceOrientationLandscapeLeft UIInterfaceOrientationLandscapeRight";
				INFOPLIST_KEY_UISupportedInterfaceOrientations_iPhone = "UIInterfaceOrientationPortrait UIInterfaceOrientationLandscapeLeft UIInterfaceOrientationLandscapeRight";
				LD_RUNPATH_SEARCH_PATHS = (
					"$(inherited)",
					"@executable_path/Frameworks",
				);
				MARKETING_VERSION = 1.0;
				PRODUCT_BUNDLE_IDENTIFIER = "com.ringnecksoft.CRUD-Template";
				PRODUCT_NAME = "$(TARGET_NAME)";
				SWIFT_EMIT_LOC_STRINGS = YES;
				SWIFT_VERSION = 5.0;
				TARGETED_DEVICE_FAMILY = "1,2";
			};
			name = Debug;
		};
		7D7C034A2BC4873C003ABF54 /* Release */ = {
			isa = XCBuildConfiguration;
			buildSettings = {
				ASSETCATALOG_COMPILER_APPICON_NAME = AppIcon;
				ASSETCATALOG_COMPILER_GLOBAL_ACCENT_COLOR_NAME = AccentColor;
				CODE_SIGN_STYLE = Automatic;
				CURRENT_PROJECT_VERSION = 1;
				DEVELOPMENT_ASSET_PATHS = "\"CRUD Template/Preview Content\"";
				DEVELOPMENT_TEAM = 86VBXJD37T;
				ENABLE_PREVIEWS = YES;
				GENERATE_INFOPLIST_FILE = YES;
				INFOPLIST_KEY_UIApplicationSceneManifest_Generation = YES;
				INFOPLIST_KEY_UIApplicationSupportsIndirectInputEvents = YES;
				INFOPLIST_KEY_UILaunchScreen_Generation = YES;
				INFOPLIST_KEY_UISupportedInterfaceOrientations_iPad = "UIInterfaceOrientationPortrait UIInterfaceOrientationPortraitUpsideDown UIInterfaceOrientationLandscapeLeft UIInterfaceOrientationLandscapeRight";
				INFOPLIST_KEY_UISupportedInterfaceOrientations_iPhone = "UIInterfaceOrientationPortrait UIInterfaceOrientationLandscapeLeft UIInterfaceOrientationLandscapeRight";
				LD_RUNPATH_SEARCH_PATHS = (
					"$(inherited)",
					"@executable_path/Frameworks",
				);
				MARKETING_VERSION = 1.0;
				PRODUCT_BUNDLE_IDENTIFIER = "com.ringnecksoft.CRUD-Template";
				PRODUCT_NAME = "$(TARGET_NAME)";
				SWIFT_EMIT_LOC_STRINGS = YES;
				SWIFT_VERSION = 5.0;
				TARGETED_DEVICE_FAMILY = "1,2";
			};
			name = Release;
		};
		7D7C034C2BC4873C003ABF54 /* Debug */ = {
			isa = XCBuildConfiguration;
			buildSettings = {
				ALWAYS_EMBED_SWIFT_STANDARD_LIBRARIES = YES;
				BUNDLE_LOADER = "$(TEST_HOST)";
				CODE_SIGN_STYLE = Automatic;
				CURRENT_PROJECT_VERSION = 1;
				DEVELOPMENT_TEAM = 86VBXJD37T;
				GENERATE_INFOPLIST_FILE = YES;
				IPHONEOS_DEPLOYMENT_TARGET = 17.4;
				MARKETING_VERSION = 1.0;
				PRODUCT_BUNDLE_IDENTIFIER = "com.ringnecksoft.CRUD-TemplateTests";
				PRODUCT_NAME = "$(TARGET_NAME)";
				SWIFT_EMIT_LOC_STRINGS = NO;
				SWIFT_VERSION = 5.0;
				TARGETED_DEVICE_FAMILY = "1,2";
				TEST_HOST = "$(BUILT_PRODUCTS_DIR)/CRUD Template.app/$(BUNDLE_EXECUTABLE_FOLDER_PATH)/CRUD Template";
			};
			name = Debug;
		};
		7D7C034D2BC4873C003ABF54 /* Release */ = {
			isa = XCBuildConfiguration;
			buildSettings = {
				ALWAYS_EMBED_SWIFT_STANDARD_LIBRARIES = YES;
				BUNDLE_LOADER = "$(TEST_HOST)";
				CODE_SIGN_STYLE = Automatic;
				CURRENT_PROJECT_VERSION = 1;
				DEVELOPMENT_TEAM = 86VBXJD37T;
				GENERATE_INFOPLIST_FILE = YES;
				IPHONEOS_DEPLOYMENT_TARGET = 17.4;
				MARKETING_VERSION = 1.0;
				PRODUCT_BUNDLE_IDENTIFIER = "com.ringnecksoft.CRUD-TemplateTests";
				PRODUCT_NAME = "$(TARGET_NAME)";
				SWIFT_EMIT_LOC_STRINGS = NO;
				SWIFT_VERSION = 5.0;
				TARGETED_DEVICE_FAMILY = "1,2";
				TEST_HOST = "$(BUILT_PRODUCTS_DIR)/CRUD Template.app/$(BUNDLE_EXECUTABLE_FOLDER_PATH)/CRUD Template";
			};
			name = Release;
		};
		7D7C034F2BC4873C003ABF54 /* Debug */ = {
			isa = XCBuildConfiguration;
			buildSettings = {
				ALWAYS_EMBED_SWIFT_STANDARD_LIBRARIES = YES;
				CODE_SIGN_STYLE = Automatic;
				CURRENT_PROJECT_VERSION = 1;
				DEVELOPMENT_TEAM = 86VBXJD37T;
				GENERATE_INFOPLIST_FILE = YES;
				MARKETING_VERSION = 1.0;
				PRODUCT_BUNDLE_IDENTIFIER = "com.ringnecksoft.CRUD-TemplateUITests";
				PRODUCT_NAME = "$(TARGET_NAME)";
				SWIFT_EMIT_LOC_STRINGS = NO;
				SWIFT_VERSION = 5.0;
				TARGETED_DEVICE_FAMILY = "1,2";
				TEST_TARGET_NAME = "CRUD Template";
			};
			name = Debug;
		};
		7D7C03502BC4873C003ABF54 /* Release */ = {
			isa = XCBuildConfiguration;
			buildSettings = {
				ALWAYS_EMBED_SWIFT_STANDARD_LIBRARIES = YES;
				CODE_SIGN_STYLE = Automatic;
				CURRENT_PROJECT_VERSION = 1;
				DEVELOPMENT_TEAM = 86VBXJD37T;
				GENERATE_INFOPLIST_FILE = YES;
				MARKETING_VERSION = 1.0;
				PRODUCT_BUNDLE_IDENTIFIER = "com.ringnecksoft.CRUD-TemplateUITests";
				PRODUCT_NAME = "$(TARGET_NAME)";
				SWIFT_EMIT_LOC_STRINGS = NO;
				SWIFT_VERSION = 5.0;
				TARGETED_DEVICE_FAMILY = "1,2";
				TEST_TARGET_NAME = "CRUD Template";
			};
			name = Release;
		};
/* End XCBuildConfiguration section */

/* Begin XCConfigurationList section */
		7D7C031A2BC4873A003ABF54 /* Build configuration list for PBXProject "CRUD Template" */ = {
			isa = XCConfigurationList;
			buildConfigurations = (
				7D7C03462BC4873C003ABF54 /* Debug */,
				7D7C03472BC4873C003ABF54 /* Release */,
			);
			defaultConfigurationIsVisible = 0;
			defaultConfigurationName = Release;
		};
		7D7C03482BC4873C003ABF54 /* Build configuration list for PBXNativeTarget "CRUD Template" */ = {
			isa = XCConfigurationList;
			buildConfigurations = (
				7D7C03492BC4873C003ABF54 /* Debug */,
				7D7C034A2BC4873C003ABF54 /* Release */,
			);
			defaultConfigurationIsVisible = 0;
			defaultConfigurationName = Release;
		};
		7D7C034B2BC4873C003ABF54 /* Build configuration list for PBXNativeTarget "CRUD TemplateTests" */ = {
			isa = XCConfigurationList;
			buildConfigurations = (
				7D7C034C2BC4873C003ABF54 /* Debug */,
				7D7C034D2BC4873C003ABF54 /* Release */,
			);
			defaultConfigurationIsVisible = 0;
			defaultConfigurationName = Release;
		};
		7D7C034E2BC4873C003ABF54 /* Build configuration list for PBXNativeTarget "CRUD TemplateUITests" */ = {
			isa = XCConfigurationList;
			buildConfigurations = (
				7D7C034F2BC4873C003ABF54 /* Debug */,
				7D7C03502BC4873C003ABF54 /* Release */,
			);
			defaultConfigurationIsVisible = 0;
			defaultConfigurationName = Release;
		};
/* End XCConfigurationList section */

/* Begin XCVersionGroup section */
		7D7C032D2BC4873C003ABF54 /* CRUD_Template.xcdatamodeld */ = {
			isa = XCVersionGroup;
			children = (
				7D7C032E2BC4873C003ABF54 /* CRUD_Template.xcdatamodel */,
			);
			currentVersion = 7D7C032E2BC4873C003ABF54 /* CRUD_Template.xcdatamodel */;
			path = CRUD_Template.xcdatamodeld;
			sourceTree = "<group>";
			versionGroupType = wrapper.xcdatamodel;
		};
/* End XCVersionGroup section */
	};
	rootObject = 7D7C03172BC4873A003ABF54 /* Project object */;
}
